
Microsoft Visual Studio Solution File, Format Version 12.00
# Visual Studio Version 17
VisualStudioVersion = 17.5.002.0
MinimumVisualStudioVersion = 10.0.40219.1
Project("{9A19103F-16F7-4668-BE54-9A1E7A4F7556}") = "StarBot", "StarBot.csproj", "{0E1496D3-857A-4C63-ACBF-04B68966D248}"
EndProject
Global
	GlobalSection(SolutionConfigurationPlatforms) = preSolution
		Debug|Any CPU = Debug|Any CPU
		Release|Any CPU = Release|Any CPU
	EndGlobalSection
	GlobalSection(ProjectConfigurationPlatforms) = postSolution
		{0E1496D3-857A-4C63-ACBF-04B68966D248}.Debug|Any CPU.ActiveCfg = Debug|Any CPU
		{0E1496D3-857A-4C63-ACBF-04B68966D248}.Debug|Any CPU.Build.0 = Debug|Any CPU
		{0E1496D3-857A-4C63-ACBF-04B68966D248}.Release|Any CPU.ActiveCfg = Release|Any CPU
		{0E1496D3-857A-4C63-ACBF-04B68966D248}.Release|Any CPU.Build.0 = Release|Any CPU
	EndGlobalSection
	GlobalSection(SolutionProperties) = preSolution
		HideSolutionNode = FALSE
	EndGlobalSection
	GlobalSection(ExtensibilityGlobals) = postSolution
		SolutionGuid = {4562588D-32DA-4E13-9B7F-A0638507BE3B}
	EndGlobalSection
EndGlobal
